{
  "nodes": {
    "fluxer-src": {
      "flake": false,
      "locked": {
        "lastModified": 1773940207,
        "narHash": "sha256-L5EmJH7wlZi1hG6dhf8ohI+L6jcIcbnbxlt8b2bAEfA=",
        "owner": "fluxerapp",
        "repo": "fluxer",
        "rev": "5da26d4ed5ef9f3fe8bef993c0f10ea4f4ee9c1d",
        "type": "github"
      },
      "original": {
        "owner": "fluxerapp",
        "ref": "refactor",
        "repo": "fluxer",
        "type": "github"
      }
    },
    "nixpkgs": {
      "locked": {
        "lastModified": 1775036866,
        "narHash": "sha256-ZojAnPuCdy657PbTq5V0Y+AHKhZAIwSIT2cb8UgAz/U=",
        "owner": "NixOS",
        "repo": "nixpkgs",
        "rev": "6201e203d09599479a3b3450ed24fa81537ebc4e",
        "type": "github"
      },
      "original": {
        "owner": "NixOS",
        "ref": "nixos-unstable",
        "repo": "nixpkgs",
        "type": "github"
      }
    },
    "root": {
      "inputs": {
        "fluxer-src": "fluxer-src",
        "nixpkgs": "nixpkgs"
      }
    }
  },
  "root": "root",
  "version": 7
}
