{
  "nodes": {
    "fluxer-src": {
      "flake": false,
      "locked": {
        "lastModified": 1775750396,
        "narHash": "sha256-94rLtgG5s/aJfNL2v/KTqLOnGsT05Qy6l3jPuL15SkE=",
        "owner": "fluxerapp",
        "repo": "fluxer",
        "rev": "ee1f27fe1a372b5291aead8042944afd706bf5db",
        "type": "github"
      },
      "original": {
        "owner": "fluxerapp",
        "ref": "refactor",
        "repo": "fluxer",
        "type": "github"
      }
    },
    "nixpkgs": {
      "locked": {
        "lastModified": 1781074563,
        "narHash": "sha256-md8WlXOlfnIeHeOScMTTHFyf2d6iaTwPl2apR5EQ3P4=",
        "owner": "NixOS",
        "repo": "nixpkgs",
        "rev": "9ae611a455b90cf061d8f332b977e387bda8e1ca",
        "type": "github"
      },
      "original": {
        "owner": "NixOS",
        "ref": "nixos-unstable",
        "repo": "nixpkgs",
        "type": "github"
      }
    },
    "root": {
      "inputs": {
        "fluxer-src": "fluxer-src",
        "nixpkgs": "nixpkgs"
      }
    }
  },
  "root": "root",
  "version": 7
}
